
Microsoft Visual Studio Solution File, Format Version 12.00
# Visual Studio Version 17
VisualStudioVersion = 17.5.2.0
MinimumVisualStudioVersion = 10.0.40219.1
Project("{FAE04EC0-301F-11D3-BF4B-00C04F79EFBC}") = "EtlAnalytics.RulesEngine", "EtlAnalytics.RulesEngine.csproj", "{52D3DE4D-CE88-C436-5E38-79460E34F3BA}"
EndProject
Project("{FAE04EC0-301F-11D3-BF4B-00C04F79EFBC}") = "EtlAnalytics.RulesEngine.Tests", "..\EtlAnalytics.RulesEngine.Tests\EtlAnalytics.RulesEngine.Tests.csproj", "{1F779B76-F73E-4A5F-8387-F80D4FEF7239}"
EndProject
Project("{FAE04EC0-301F-11D3-BF4B-00C04F79EFBC}") = "EtlAnalytics.RulesEngine.Dapper", "..\EtlAnalytics.RulesEngine.Dapper\EtlAnalytics.RulesEngine.Dapper.csproj", "{35043261-9684-4D9B-A51A-068F399B5A4C}"
EndProject
Global
	GlobalSection(SolutionConfigurationPlatforms) = preSolution
		Debug|Any CPU = Debug|Any CPU
		Debug|x64 = Debug|x64
		Debug|x86 = Debug|x86
		Release|Any CPU = Release|Any CPU
		Release|x64 = Release|x64
		Release|x86 = Release|x86
	EndGlobalSection
	GlobalSection(ProjectConfigurationPlatforms) = postSolution
		{52D3DE4D-CE88-C436-5E38-79460E34F3BA}.Debug|Any CPU.ActiveCfg = Debug|Any CPU
		{52D3DE4D-CE88-C436-5E38-79460E34F3BA}.Debug|Any CPU.Build.0 = Debug|Any CPU
		{52D3DE4D-CE88-C436-5E38-79460E34F3BA}.Debug|x64.ActiveCfg = Debug|Any CPU
		{52D3DE4D-CE88-C436-5E38-79460E34F3BA}.Debug|x64.Build.0 = Debug|Any CPU
		{52D3DE4D-CE88-C436-5E38-79460E34F3BA}.Debug|x86.ActiveCfg = Debug|Any CPU
		{52D3DE4D-CE88-C436-5E38-79460E34F3BA}.Debug|x86.Build.0 = Debug|Any CPU
		{52D3DE4D-CE88-C436-5E38-79460E34F3BA}.Release|Any CPU.ActiveCfg = Release|Any CPU
		{52D3DE4D-CE88-C436-5E38-79460E34F3BA}.Release|Any CPU.Build.0 = Release|Any CPU
		{52D3DE4D-CE88-C436-5E38-79460E34F3BA}.Release|x64.ActiveCfg = Release|Any CPU
		{52D3DE4D-CE88-C436-5E38-79460E34F3BA}.Release|x64.Build.0 = Release|Any CPU
		{52D3DE4D-CE88-C436-5E38-79460E34F3BA}.Release|x86.ActiveCfg = Release|Any CPU
		{52D3DE4D-CE88-C436-5E38-79460E34F3BA}.Release|x86.Build.0 = Release|Any CPU
		{1F779B76-F73E-4A5F-8387-F80D4FEF7239}.Debug|Any CPU.ActiveCfg = Debug|Any CPU
		{1F779B76-F73E-4A5F-8387-F80D4FEF7239}.Debug|Any CPU.Build.0 = Debug|Any CPU
		{1F779B76-F73E-4A5F-8387-F80D4FEF7239}.Debug|x64.ActiveCfg = Debug|Any CPU
		{1F779B76-F73E-4A5F-8387-F80D4FEF7239}.Debug|x64.Build.0 = Debug|Any CPU
		{1F779B76-F73E-4A5F-8387-F80D4FEF7239}.Debug|x86.ActiveCfg = Debug|Any CPU
		{1F779B76-F73E-4A5F-8387-F80D4FEF7239}.Debug|x86.Build.0 = Debug|Any CPU
		{1F779B76-F73E-4A5F-8387-F80D4FEF7239}.Release|Any CPU.ActiveCfg = Release|Any CPU
		{1F779B76-F73E-4A5F-8387-F80D4FEF7239}.Release|Any CPU.Build.0 = Release|Any CPU
		{1F779B76-F73E-4A5F-8387-F80D4FEF7239}.Release|x64.ActiveCfg = Release|Any CPU
		{1F779B76-F73E-4A5F-8387-F80D4FEF7239}.Release|x64.Build.0 = Release|Any CPU
		{1F779B76-F73E-4A5F-8387-F80D4FEF7239}.Release|x86.ActiveCfg = Release|Any CPU
		{1F779B76-F73E-4A5F-8387-F80D4FEF7239}.Release|x86.Build.0 = Release|Any CPU
		{35043261-9684-4D9B-A51A-068F399B5A4C}.Debug|Any CPU.ActiveCfg = Debug|Any CPU
		{35043261-9684-4D9B-A51A-068F399B5A4C}.Debug|Any CPU.Build.0 = Debug|Any CPU
		{35043261-9684-4D9B-A51A-068F399B5A4C}.Debug|x64.ActiveCfg = Debug|Any CPU
		{35043261-9684-4D9B-A51A-068F399B5A4C}.Debug|x64.Build.0 = Debug|Any CPU
		{35043261-9684-4D9B-A51A-068F399B5A4C}.Debug|x86.ActiveCfg = Debug|Any CPU
		{35043261-9684-4D9B-A51A-068F399B5A4C}.Debug|x86.Build.0 = Debug|Any CPU
		{35043261-9684-4D9B-A51A-068F399B5A4C}.Release|Any CPU.ActiveCfg = Release|Any CPU
		{35043261-9684-4D9B-A51A-068F399B5A4C}.Release|Any CPU.Build.0 = Release|Any CPU
		{35043261-9684-4D9B-A51A-068F399B5A4C}.Release|x64.ActiveCfg = Release|Any CPU
		{35043261-9684-4D9B-A51A-068F399B5A4C}.Release|x64.Build.0 = Release|Any CPU
		{35043261-9684-4D9B-A51A-068F399B5A4C}.Release|x86.ActiveCfg = Release|Any CPU
		{35043261-9684-4D9B-A51A-068F399B5A4C}.Release|x86.Build.0 = Release|Any CPU
	EndGlobalSection
	GlobalSection(SolutionProperties) = preSolution
		HideSolutionNode = FALSE
	EndGlobalSection
	GlobalSection(ExtensibilityGlobals) = postSolution
		SolutionGuid = {95AF7565-06AC-4246-B2A9-9502F6EC0EEA}
	EndGlobalSection
EndGlobal
